{
  "version": 4,
  "terraform_version": "1.14.2",
  "serial": 11,
  "lineage": "224af5b9-d1fc-8a98-c902-2fbdba3dbbe1",
  "outputs": {
    "disk_id": {
      "value": "fhm0d7h559lbdlek9ojp",
      "type": "string"
    },
    "nat_gateway_id": {
      "value": "enpkq1iv5a2v0t6qfdtn",
      "type": "string"
    },
    "private_subnet_id": {
      "value": "e9bgdgvk3esfjttvubvs",
      "type": "string"
    },
    "public_subnet_id": {
      "value": "e9bmttih89cmnmsjmarb",
      "type": "string"
    },
    "vm_id": {
      "value": "fhm8opi4s6o3qt2jmpnm",
      "type": "string"
    },
    "vm_internal_ip": {
      "value": "10.0.1.30",
      "type": "string"
    },
    "vpc_network_id": {
      "value": "enp0km3rv07f09mqmjgo",
      "type": "string"
    }
  },
  "resources": [
    {
      "mode": "managed",
      "type": "yandex_compute_disk",
      "name": "vm_disk",
      "provider": "provider[\"registry.terraform.io/yandex-cloud/yandex\"]",
      "instances": [
        {
          "schema_version": 0,
          "attributes": {
            "allow_recreate": null,
            "block_size": 4096,
            "created_at": "2025-12-14T03:05:45Z",
            "description": "",
            "disk_placement_policy": [
              {
                "disk_placement_group_id": ""
              }
            ],
            "folder_id": "b1g98m3reom9bbr6qafa",
            "hardware_generation": [
              {
                "generation2_features": [],
                "legacy_features": [
                  {
                    "pci_topology": "PCI_TOPOLOGY_V1"
                  }
                ]
              }
            ],
            "id": "fhm0d7h559lbdlek9ojp",
            "image_id": "",
            "kms_key_id": null,
            "labels": null,
            "name": "future20-disk",
            "product_ids": [],
            "size": 20,
            "snapshot_id": "",
            "status": "ready",
            "timeouts": null,
            "type": "network-hdd",
            "zone": "ru-central1-a"
          },
          "sensitive_attributes": [],
          "identity_schema_version": 0,
          "private": "eyJlMmJmYjczMC1lY2FhLTExZTYtOGY4OC0zNDM2M2JjN2M0YzAiOnsiY3JlYXRlIjozMDAwMDAwMDAwMDAsImRlbGV0ZSI6MzAwMDAwMDAwMDAwLCJ1cGRhdGUiOjMwMDAwMDAwMDAwMH19"
        }
      ]
    },
    {
      "mode": "managed",
      "type": "yandex_compute_instance",
      "name": "vm",
      "provider": "provider[\"registry.terraform.io/yandex-cloud/yandex\"]",
      "instances": [
        {
          "schema_version": 1,
          "attributes": {
            "allow_recreate": null,
            "allow_stopping_for_update": null,
            "boot_disk": [
              {
                "auto_delete": true,
                "device_name": "fhmuaa82k55a71t8irfg",
                "disk_id": "fhmuaa82k55a71t8irfg",
                "initialize_params": [
                  {
                    "block_size": 4096,
                    "description": "",
                    "image_id": "fd8kdq6d0p8sij7h5qe3",
                    "kms_key_id": "",
                    "name": "",
                    "size": 20,
                    "snapshot_id": "",
                    "type": "network-hdd"
                  }
                ],
                "mode": "READ_WRITE"
              }
            ],
            "created_at": "2025-12-14T03:05:45Z",
            "description": "",
            "filesystem": [],
            "folder_id": "b1g98m3reom9bbr6qafa",
            "fqdn": "fhm8opi4s6o3qt2jmpnm.auto.internal",
            "gpu_cluster_id": "",
            "hardware_generation": [
              {
                "generation2_features": [],
                "legacy_features": [
                  {
                    "pci_topology": "PCI_TOPOLOGY_V1"
                  }
                ]
              }
            ],
            "hostname": "",
            "id": "fhm8opi4s6o3qt2jmpnm",
            "labels": null,
            "local_disk": [],
            "maintenance_grace_period": "",
            "maintenance_policy": null,
            "metadata": {
              "ssh-keys": "ubuntu:ssh-rsa AAAAB3NzaC1yc2EAAAADAQABAAACAQDCHdPo9nqPC6SaJyJm0slJBeGQqQx9vbUlWxge4FQJwbWeN/grjnHZJ+aoK3XYpLdeEVKByF1mNg7at21MP0wNxDDrqbhP49otEOKa1BdjROhcVqpOEEMd8feNcIdgaYzAhptRjbF7Pk5hy62Z5RyJfRdlucfrs23NrLJkkIiKaOb7gn54wFXjYa+vin/pUCZUANnRpY+HouQ6R9AKWbHYNOmcStg/vFr4X9FFcKicABfcFRcQ+L6WKTqcNSORvLuNNqpWsVmvc3DaTMU8SbmjyXfUSVP+UYFWnZH438oQ8j9I9pUeFq/hdOfCtXKXJSJIDifnag/EHgqai70XTRn8wznhsfNZVmdeJXhnMJm1kcDOelEhnX7r9L0DciAAhrG1ZtOgt+7SwwDWQSoyiRtzhNs9GdW9H37lCcEwwt5NO4ZJBrDCV/me+StMS6po7FgFRJf/CM/DD2kueFjsBGoeGELihrnT6/Jf2+Cap+uuikRtgdleOD1SDUFiKFn8lpljcSxnWl686H6gAUXK9Fhp/9TPrEzH+021iXfv7gfJEaxcoynHGLedLl+Cy6wmuslcEjnydOW008oj4gGQeNjSN/q+699j5HpC9HX4kYXPrcgH8Q2fOpRVxJNvP4IzakvdaApwO0E1iGsctATK6thF6dKRwvGMKgvqr4NAQwvq9w== evgeniia@Sergeis-MacBook-Air.local\n"
            },
            "metadata_options": [
              {
                "aws_v1_http_endpoint": 1,
                "aws_v1_http_token": 2,
                "gce_http_endpoint": 1,
                "gce_http_token": 1
              }
            ],
            "name": "future20-vm",
            "network_acceleration_type": "standard",
            "network_interface": [
              {
                "dns_record": [],
                "index": 0,
                "ip_address": "10.0.1.30",
                "ipv4": true,
                "ipv6": false,
                "ipv6_address": "",
                "ipv6_dns_record": [],
                "mac_address": "d0:0d:8c:66:44:e1",
                "nat": true,
                "nat_dns_record": [],
                "nat_ip_address": "158.160.34.236",
                "nat_ip_version": "IPV4",
                "security_group_ids": null,
                "subnet_id": "e9bmttih89cmnmsjmarb"
              }
            ],
            "placement_policy": [
              {
                "host_affinity_rules": [],
                "placement_group_id": "",
                "placement_group_partition": 0
              }
            ],
            "platform_id": "standard-v1",
            "resources": [
              {
                "core_fraction": 100,
                "cores": 2,
                "gpus": 0,
                "memory": 4
              }
            ],
            "scheduling_policy": [
              {
                "preemptible": false
              }
            ],
            "secondary_disk": [],
            "service_account_id": "",
            "status": "running",
            "timeouts": null,
            "zone": "ru-central1-a"
          },
          "sensitive_attributes": [],
          "identity_schema_version": 0,
          "private": "eyJlMmJmYjczMC1lY2FhLTExZTYtOGY4OC0zNDM2M2JjN2M0YzAiOnsiY3JlYXRlIjozMDAwMDAwMDAwMDAsImRlbGV0ZSI6MzAwMDAwMDAwMDAwLCJ1cGRhdGUiOjMwMDAwMDAwMDAwMH0sInNjaGVtYV92ZXJzaW9uIjoiMSJ9",
          "dependencies": [
            "yandex_vpc_network.main",
            "yandex_vpc_subnet.public"
          ]
        }
      ]
    },
    {
      "mode": "managed",
      "type": "yandex_vpc_gateway",
      "name": "nat_gateway",
      "provider": "provider[\"registry.terraform.io/yandex-cloud/yandex\"]",
      "instances": [
        {
          "schema_version": 0,
          "attributes": {
            "created_at": "2025-12-14T03:05:45Z",
            "description": "",
            "folder_id": "b1g98m3reom9bbr6qafa",
            "id": "enpkq1iv5a2v0t6qfdtn",
            "labels": {},
            "name": "future20-nat-gateway",
            "shared_egress_gateway": [
              {}
            ],
            "timeouts": null
          },
          "sensitive_attributes": [],
          "identity_schema_version": 0,
          "private": "eyJlMmJmYjczMC1lY2FhLTExZTYtOGY4OC0zNDM2M2JjN2M0YzAiOnsiY3JlYXRlIjo2MDAwMDAwMDAwMCwiZGVsZXRlIjo2MDAwMDAwMDAwMCwidXBkYXRlIjo2MDAwMDAwMDAwMH19"
        }
      ]
    },
    {
      "mode": "managed",
      "type": "yandex_vpc_network",
      "name": "main",
      "provider": "provider[\"registry.terraform.io/yandex-cloud/yandex\"]",
      "instances": [
        {
          "schema_version": 0,
          "attributes": {
            "created_at": "2025-12-14T02:58:12Z",
            "default_security_group_id": "enpk0hm91l5kle7q20j2",
            "description": "",
            "folder_id": "b1g98m3reom9bbr6qafa",
            "id": "enp0km3rv07f09mqmjgo",
            "labels": {},
            "name": "future20-network",
            "subnet_ids": [
              "e9bgdgvk3esfjttvubvs",
              "e9bmttih89cmnmsjmarb"
            ],
            "timeouts": null
          },
          "sensitive_attributes": [],
          "identity_schema_version": 0,
          "private": "eyJlMmJmYjczMC1lY2FhLTExZTYtOGY4OC0zNDM2M2JjN2M0YzAiOnsiY3JlYXRlIjo2MDAwMDAwMDAwMCwiZGVsZXRlIjo2MDAwMDAwMDAwMCwidXBkYXRlIjo2MDAwMDAwMDAwMH19"
        }
      ]
    },
    {
      "mode": "managed",
      "type": "yandex_vpc_subnet",
      "name": "private",
      "provider": "provider[\"registry.terraform.io/yandex-cloud/yandex\"]",
      "instances": [
        {
          "schema_version": 0,
          "attributes": {
            "created_at": "2025-12-14T02:58:16Z",
            "description": "",
            "dhcp_options": [],
            "folder_id": "b1g98m3reom9bbr6qafa",
            "id": "e9bgdgvk3esfjttvubvs",
            "labels": {},
            "name": "future20-private-subnet",
            "network_id": "enp0km3rv07f09mqmjgo",
            "route_table_id": "",
            "timeouts": null,
            "v4_cidr_blocks": [
              "10.0.2.0/24"
            ],
            "v6_cidr_blocks": [],
            "zone": "ru-central1-a"
          },
          "sensitive_attributes": [],
          "identity_schema_version": 0,
          "private": "eyJlMmJmYjczMC1lY2FhLTExZTYtOGY4OC0zNDM2M2JjN2M0YzAiOnsiY3JlYXRlIjoxODAwMDAwMDAwMDAsImRlbGV0ZSI6MTgwMDAwMDAwMDAwLCJ1cGRhdGUiOjE4MDAwMDAwMDAwMH19",
          "dependencies": [
            "yandex_vpc_network.main"
          ]
        }
      ]
    },
    {
      "mode": "managed",
      "type": "yandex_vpc_subnet",
      "name": "public",
      "provider": "provider[\"registry.terraform.io/yandex-cloud/yandex\"]",
      "instances": [
        {
          "schema_version": 0,
          "attributes": {
            "created_at": "2025-12-14T02:58:15Z",
            "description": "",
            "dhcp_options": [],
            "folder_id": "b1g98m3reom9bbr6qafa",
            "id": "e9bmttih89cmnmsjmarb",
            "labels": {},
            "name": "future20-public-subnet",
            "network_id": "enp0km3rv07f09mqmjgo",
            "route_table_id": "",
            "timeouts": null,
            "v4_cidr_blocks": [
              "10.0.1.0/24"
            ],
            "v6_cidr_blocks": [],
            "zone": "ru-central1-a"
          },
          "sensitive_attributes": [],
          "identity_schema_version": 0,
          "private": "eyJlMmJmYjczMC1lY2FhLTExZTYtOGY4OC0zNDM2M2JjN2M0YzAiOnsiY3JlYXRlIjoxODAwMDAwMDAwMDAsImRlbGV0ZSI6MTgwMDAwMDAwMDAwLCJ1cGRhdGUiOjE4MDAwMDAwMDAwMH19",
          "dependencies": [
            "yandex_vpc_network.main"
          ]
        }
      ]
    }
  ],
  "check_results": null
}
