{
  "version": 4,
  "terraform_version": "1.14.2",
  "serial": 7,
  "lineage": "224af5b9-d1fc-8a98-c902-2fbdba3dbbe1",
  "outputs": {
    "private_subnet_id": {
      "value": "e9bgdgvk3esfjttvubvs",
      "type": "string"
    },
    "public_subnet_id": {
      "value": "e9bmttih89cmnmsjmarb",
      "type": "string"
    },
    "vpc_network_id": {
      "value": "enp0km3rv07f09mqmjgo",
      "type": "string"
    }
  },
  "resources": [
    {
      "mode": "managed",
      "type": "yandex_vpc_network",
      "name": "main",
      "provider": "provider[\"registry.terraform.io/yandex-cloud/yandex\"]",
      "instances": [
        {
          "schema_version": 0,
          "attributes": {
            "created_at": "2025-12-14T02:58:12Z",
            "default_security_group_id": "enpk0hm91l5kle7q20j2",
            "description": "",
            "folder_id": "b1g98m3reom9bbr6qafa",
            "id": "enp0km3rv07f09mqmjgo",
            "labels": {},
            "name": "future20-network",
            "subnet_ids": [],
            "timeouts": null
          },
          "sensitive_attributes": [],
          "identity_schema_version": 0,
          "private": "eyJlMmJmYjczMC1lY2FhLTExZTYtOGY4OC0zNDM2M2JjN2M0YzAiOnsiY3JlYXRlIjo2MDAwMDAwMDAwMCwiZGVsZXRlIjo2MDAwMDAwMDAwMCwidXBkYXRlIjo2MDAwMDAwMDAwMH19"
        }
      ]
    },
    {
      "mode": "managed",
      "type": "yandex_vpc_subnet",
      "name": "private",
      "provider": "provider[\"registry.terraform.io/yandex-cloud/yandex\"]",
      "instances": [
        {
          "schema_version": 0,
          "attributes": {
            "created_at": "2025-12-14T02:58:16Z",
            "description": "",
            "dhcp_options": [],
            "folder_id": "b1g98m3reom9bbr6qafa",
            "id": "e9bgdgvk3esfjttvubvs",
            "labels": {},
            "name": "future20-private-subnet",
            "network_id": "enp0km3rv07f09mqmjgo",
            "route_table_id": "",
            "timeouts": null,
            "v4_cidr_blocks": [
              "10.0.2.0/24"
            ],
            "v6_cidr_blocks": [],
            "zone": "ru-central1-a"
          },
          "sensitive_attributes": [],
          "identity_schema_version": 0,
          "private": "eyJlMmJmYjczMC1lY2FhLTExZTYtOGY4OC0zNDM2M2JjN2M0YzAiOnsiY3JlYXRlIjoxODAwMDAwMDAwMDAsImRlbGV0ZSI6MTgwMDAwMDAwMDAwLCJ1cGRhdGUiOjE4MDAwMDAwMDAwMH19",
          "dependencies": [
            "yandex_vpc_network.main"
          ]
        }
      ]
    },
    {
      "mode": "managed",
      "type": "yandex_vpc_subnet",
      "name": "public",
      "provider": "provider[\"registry.terraform.io/yandex-cloud/yandex\"]",
      "instances": [
        {
          "schema_version": 0,
          "attributes": {
            "created_at": "2025-12-14T02:58:15Z",
            "description": "",
            "dhcp_options": [],
            "folder_id": "b1g98m3reom9bbr6qafa",
            "id": "e9bmttih89cmnmsjmarb",
            "labels": {},
            "name": "future20-public-subnet",
            "network_id": "enp0km3rv07f09mqmjgo",
            "route_table_id": "",
            "timeouts": null,
            "v4_cidr_blocks": [
              "10.0.1.0/24"
            ],
            "v6_cidr_blocks": [],
            "zone": "ru-central1-a"
          },
          "sensitive_attributes": [],
          "identity_schema_version": 0,
          "private": "eyJlMmJmYjczMC1lY2FhLTExZTYtOGY4OC0zNDM2M2JjN2M0YzAiOnsiY3JlYXRlIjoxODAwMDAwMDAwMDAsImRlbGV0ZSI6MTgwMDAwMDAwMDAwLCJ1cGRhdGUiOjE4MDAwMDAwMDAwMH19",
          "dependencies": [
            "yandex_vpc_network.main"
          ]
        }
      ]
    }
  ],
  "check_results": null
}
